
Microsoft Visual Studio Solution File, Format Version 12.00
# Visual Studio 15
VisualStudioVersion = 15.0.26430.15
MinimumVisualStudioVersion = 10.0.40219.1
Project("{FAE04EC0-301F-11D3-BF4B-00C04F79EFBC}") = "SistemaDelivery", "SistemaDelivery\SistemaDelivery.csproj", "{A2FBA85F-B0F0-455C-BF75-05E1D7C1C8B0}"
EndProject
Project("{FAE04EC0-301F-11D3-BF4B-00C04F79EFBC}") = "Model", "Model\Model.csproj", "{A0D93065-B7EF-4819-8264-1916B3A4B0D7}"
EndProject
Project("{FAE04EC0-301F-11D3-BF4B-00C04F79EFBC}") = "Negocio", "Negocio\Negocio.csproj", "{6250DCDA-5F3D-4979-ABAD-2FACBF64219C}"
EndProject
Project("{FAE04EC0-301F-11D3-BF4B-00C04F79EFBC}") = "Persistencia", "Persistencia\Persistencia.csproj", "{50DEB0E3-90E5-4F9A-983D-9CC1EB6ABDFE}"
EndProject
Global
	GlobalSection(SolutionConfigurationPlatforms) = preSolution
		Debug|Any CPU = Debug|Any CPU
		Release|Any CPU = Release|Any CPU
	EndGlobalSection
	GlobalSection(ProjectConfigurationPlatforms) = postSolution
		{A2FBA85F-B0F0-455C-BF75-05E1D7C1C8B0}.Debug|Any CPU.ActiveCfg = Debug|Any CPU
		{A2FBA85F-B0F0-455C-BF75-05E1D7C1C8B0}.Debug|Any CPU.Build.0 = Debug|Any CPU
		{A2FBA85F-B0F0-455C-BF75-05E1D7C1C8B0}.Release|Any CPU.ActiveCfg = Release|Any CPU
		{A2FBA85F-B0F0-455C-BF75-05E1D7C1C8B0}.Release|Any CPU.Build.0 = Release|Any CPU
		{A0D93065-B7EF-4819-8264-1916B3A4B0D7}.Debug|Any CPU.ActiveCfg = Debug|Any CPU
		{A0D93065-B7EF-4819-8264-1916B3A4B0D7}.Debug|Any CPU.Build.0 = Debug|Any CPU
		{A0D93065-B7EF-4819-8264-1916B3A4B0D7}.Release|Any CPU.ActiveCfg = Release|Any CPU
		{A0D93065-B7EF-4819-8264-1916B3A4B0D7}.Release|Any CPU.Build.0 = Release|Any CPU
		{6250DCDA-5F3D-4979-ABAD-2FACBF64219C}.Debug|Any CPU.ActiveCfg = Debug|Any CPU
		{6250DCDA-5F3D-4979-ABAD-2FACBF64219C}.Debug|Any CPU.Build.0 = Debug|Any CPU
		{6250DCDA-5F3D-4979-ABAD-2FACBF64219C}.Release|Any CPU.ActiveCfg = Release|Any CPU
		{6250DCDA-5F3D-4979-ABAD-2FACBF64219C}.Release|Any CPU.Build.0 = Release|Any CPU
		{50DEB0E3-90E5-4F9A-983D-9CC1EB6ABDFE}.Debug|Any CPU.ActiveCfg = Debug|Any CPU
		{50DEB0E3-90E5-4F9A-983D-9CC1EB6ABDFE}.Debug|Any CPU.Build.0 = Debug|Any CPU
		{50DEB0E3-90E5-4F9A-983D-9CC1EB6ABDFE}.Release|Any CPU.ActiveCfg = Release|Any CPU
		{50DEB0E3-90E5-4F9A-983D-9CC1EB6ABDFE}.Release|Any CPU.Build.0 = Release|Any CPU
	EndGlobalSection
	GlobalSection(SolutionProperties) = preSolution
		HideSolutionNode = FALSE
	EndGlobalSection
EndGlobal
